{
  "name": "test-scoped",
  "version": "1.0.0",
  "lockfileVersion": 3,
  "requires": true,
  "packages": {
    "": {
      "name": "test-scoped",
      "version": "1.0.0",
      "license": "ISC",
      "dependencies": {
        "advanced-client-fetch": "^1.1.5",
        "advanced-client-fetch-axios-adapter": "^1.0.4"
      }
    },
    "node_modules/advanced-client-fetch": {
      "version": "1.1.5",
      "resolved": "https://registry.npmjs.org/advanced-client-fetch/-/advanced-client-fetch-1.1.5.tgz",
      "integrity": "sha512-xmnXHbVzNo+eynYBnwsmV663oayUY1Pe72LA6hOSyxkmBzDCS/qkM+RDXmqdFXEtsvlM6Cm1g4oMkdIqt5AU8Q==",
      "license": "MIT",
      "workspaces": [
        "packages/*"
      ],
      "engines": {
        "node": ">=18.0.0",
        "pnpm": ">=8.0.0"
      },
      "peerDependencies": {
        "typescript": ">=5.0.0"
      },
      "peerDependenciesMeta": {
        "typescript": {
          "optional": true
        }
      }
    },
    "node_modules/advanced-client-fetch-axios-adapter": {
      "version": "1.0.4",
      "resolved": "https://registry.npmjs.org/advanced-client-fetch-axios-adapter/-/advanced-client-fetch-axios-adapter-1.0.4.tgz",
      "integrity": "sha512-naB9tKPD8vQZ6YTF9OnPmiIIa7csOukQ4DFZ29vwxTNY6zjL9evqH2vU/ZmR6st5Ztw6WdWt34r0E8xRZhyTmg==",
      "license": "MIT",
      "engines": {
        "node": ">=18.0.0"
      },
      "peerDependencies": {
        "advanced-client-fetch": "^1.0.0"
      }
    }
  }
}
